
Microsoft Visual Studio Solution File, Format Version 11.00
# Visual Studio 2010
Project("{8BC9CEB8-8B4A-11D0-8D11-00A0C91BC942}") = "Task_point", "Task_point.vcxproj", "{DACAEE85-55D4-4D4E-98B2-D6BC99F7E375}"
EndProject
Global
	GlobalSection(SolutionConfigurationPlatforms) = preSolution
		Debug|Win32 = Debug|Win32
		Release|Win32 = Release|Win32
	EndGlobalSection
	GlobalSection(ProjectConfigurationPlatforms) = postSolution
		{DACAEE85-55D4-4D4E-98B2-D6BC99F7E375}.Debug|Win32.ActiveCfg = Debug|Win32
		{DACAEE85-55D4-4D4E-98B2-D6BC99F7E375}.Debug|Win32.Build.0 = Debug|Win32
		{DACAEE85-55D4-4D4E-98B2-D6BC99F7E375}.Release|Win32.ActiveCfg = Release|Win32
		{DACAEE85-55D4-4D4E-98B2-D6BC99F7E375}.Release|Win32.Build.0 = Release|Win32
	EndGlobalSection
	GlobalSection(SolutionProperties) = preSolution
		HideSolutionNode = FALSE
	EndGlobalSection
EndGlobal
